{
  "originHash" : "77d2ef25933d11a4bcc1801ab1601561c6a7ab38b98e2f99830a7896730f8dcc",
  "pins" : [
    {
      "identity" : "dawntext",
      "kind" : "remoteSourceControl",
      "location" : "https://github.com/noppefoxwolf/DAWNText",
      "state" : {
        "revision" : "b87305925bb047066824706f5658c74f55e05455",
        "version" : "0.7.3"
      }
    }
  ],
  "version" : 3
}
